// !$*UTF8*$!
{
	archiveVersion = 1;
	classes = {
	};
	objectVersion = 46;
	objects = {

/* Begin PBXBuildFile section */
		428610E8E4116843F95075EB /* Pods_StockTests.framework in Frameworks */ = {isa = PBXBuildFile; fileRef = 6852FB29411A27090642DC47 /* Pods_StockTests.framework */; };
		83195F571F4593680045FF9E /* Model.swift in Sources */ = {isa = PBXBuildFile; fileRef = 83195F561F4593680045FF9E /* Model.swift */; };
		832ACAD01F457537002A1137 /* AppDelegate.swift in Sources */ = {isa = PBXBuildFile; fileRef = 832ACACF1F457537002A1137 /* AppDelegate.swift */; };
		832ACAD21F457537002A1137 /* ViewController.swift in Sources */ = {isa = PBXBuildFile; fileRef = 832ACAD11F457537002A1137 /* ViewController.swift */; };
		832ACAD51F457537002A1137 /* Main.storyboard in Resources */ = {isa = PBXBuildFile; fileRef = 832ACAD31F457537002A1137 /* Main.storyboard */; };
		832ACAD71F457537002A1137 /* Assets.xcassets in Resources */ = {isa = PBXBuildFile; fileRef = 832ACAD61F457537002A1137 /* Assets.xcassets */; };
		832ACADA1F457537002A1137 /* LaunchScreen.storyboard in Resources */ = {isa = PBXBuildFile; fileRef = 832ACAD81F457537002A1137 /* LaunchScreen.storyboard */; };
		832ACAE51F457537002A1137 /* StockTests.swift in Sources */ = {isa = PBXBuildFile; fileRef = 832ACAE41F457537002A1137 /* StockTests.swift */; };
		832ACAF01F457537002A1137 /* StockUITests.swift in Sources */ = {isa = PBXBuildFile; fileRef = 832ACAEF1F457537002A1137 /* StockUITests.swift */; };
		838888471F46CC1E00E5047F /* DetailRowCell.swift in Sources */ = {isa = PBXBuildFile; fileRef = 838888461F46CC1E00E5047F /* DetailRowCell.swift */; };
		838888491F46CC3000E5047F /* DetailRowCell.xib in Resources */ = {isa = PBXBuildFile; fileRef = 838888481F46CC3000E5047F /* DetailRowCell.xib */; };
		952FD3526E6DE7EF92931126 /* Pods_StockUITests.framework in Frameworks */ = {isa = PBXBuildFile; fileRef = F0E58F13E24025C90659C536 /* Pods_StockUITests.framework */; };
		ED390F29AC798573849D0C1D /* Pods_Stock.framework in Frameworks */ = {isa = PBXBuildFile; fileRef = E1FFE23B16479E57C14A656B /* Pods_Stock.framework */; };
/* End PBXBuildFile section */

/* Begin PBXContainerItemProxy section */
		832ACAE11F457537002A1137 /* PBXContainerItemProxy */ = {
			isa = PBXContainerItemProxy;
			containerPortal = 832ACAC41F457537002A1137 /* Project object */;
			proxyType = 1;
			remoteGlobalIDString = 832ACACB1F457537002A1137;
			remoteInfo = Stock;
		};
		832ACAEC1F457537002A1137 /* PBXContainerItemProxy */ = {
			isa = PBXContainerItemProxy;
			containerPortal = 832ACAC41F457537002A1137 /* Project object */;
			proxyType = 1;
			remoteGlobalIDString = 832ACACB1F457537002A1137;
			remoteInfo = Stock;
		};
/* End PBXContainerItemProxy section */

/* Begin PBXFileReference section */
		466B69B965A9A25E4C1AD7EE /* Pods-StockTests.debug.xcconfig */ = {isa = PBXFileReference; includeInIndex = 1; lastKnownFileType = text.xcconfig; name = "Pods-StockTests.debug.xcconfig"; path = "Pods/Target Support Files/Pods-StockTests/Pods-StockTests.debug.xcconfig"; sourceTree = "<group>"; };
		48F86C04A81ED533B63529FE /* Pods-Stock.debug.xcconfig */ = {isa = PBXFileReference; includeInIndex = 1; lastKnownFileType = text.xcconfig; name = "Pods-Stock.debug.xcconfig"; path = "Pods/Target Support Files/Pods-Stock/Pods-Stock.debug.xcconfig"; sourceTree = "<group>"; };
		6852FB29411A27090642DC47 /* Pods_StockTests.framework */ = {isa = PBXFileReference; explicitFileType = wrapper.framework; includeInIndex = 0; path = Pods_StockTests.framework; sourceTree = BUILT_PRODUCTS_DIR; };
		720EEE2FE1DD1E52FD6952F0 /* Pods-StockTests.release.xcconfig */ = {isa = PBXFileReference; includeInIndex = 1; lastKnownFileType = text.xcconfig; name = "Pods-StockTests.release.xcconfig"; path = "Pods/Target Support Files/Pods-StockTests/Pods-StockTests.release.xcconfig"; sourceTree = "<group>"; };
		83195F561F4593680045FF9E /* Model.swift */ = {isa = PBXFileReference; fileEncoding = 4; lastKnownFileType = sourcecode.swift; path = Model.swift; sourceTree = "<group>"; };
		832ACACC1F457537002A1137 /* Stock.app */ = {isa = PBXFileReference; explicitFileType = wrapper.application; includeInIndex = 0; path = Stock.app; sourceTree = BUILT_PRODUCTS_DIR; };
		832ACACF1F457537002A1137 /* AppDelegate.swift */ = {isa = PBXFileReference; lastKnownFileType = sourcecode.swift; path = AppDelegate.swift; sourceTree = "<group>"; };
		832ACAD11F457537002A1137 /* ViewController.swift */ = {isa = PBXFileReference; lastKnownFileType = sourcecode.swift; path = ViewController.swift; sourceTree = "<group>"; };
		832ACAD41F457537002A1137 /* Base */ = {isa = PBXFileReference; lastKnownFileType = file.storyboard; name = Base; path = Base.lproj/Main.storyboard; sourceTree = "<group>"; };
		832ACAD61F457537002A1137 /* Assets.xcassets */ = {isa = PBXFileReference; lastKnownFileType = folder.assetcatalog; path = Assets.xcassets; sourceTree = "<group>"; };
		832ACAD91F457537002A1137 /* Base */ = {isa = PBXFileReference; lastKnownFileType = file.storyboard; name = Base; path = Base.lproj/LaunchScreen.storyboard; sourceTree = "<group>"; };
		832ACADB1F457537002A1137 /* Info.plist */ = {isa = PBXFileReference; lastKnownFileType = text.plist.xml; path = Info.plist; sourceTree = "<group>"; };
		832ACAE01F457537002A1137 /* StockTests.xctest */ = {isa = PBXFileReference; explicitFileType = wrapper.cfbundle; includeInIndex = 0; path = StockTests.xctest; sourceTree = BUILT_PRODUCTS_DIR; };
		832ACAE41F457537002A1137 /* StockTests.swift */ = {isa = PBXFileReference; lastKnownFileType = sourcecode.swift; path = StockTests.swift; sourceTree = "<group>"; };
		832ACAE61F457537002A1137 /* Info.plist */ = {isa = PBXFileReference; lastKnownFileType = text.plist.xml; path = Info.plist; sourceTree = "<group>"; };
		832ACAEB1F457537002A1137 /* StockUITests.xctest */ = {isa = PBXFileReference; explicitFileType = wrapper.cfbundle; includeInIndex = 0; path = StockUITests.xctest; sourceTree = BUILT_PRODUCTS_DIR; };
		832ACAEF1F457537002A1137 /* StockUITests.swift */ = {isa = PBXFileReference; lastKnownFileType = sourcecode.swift; path = StockUITests.swift; sourceTree = "<group>"; };
		832ACAF11F457537002A1137 /* Info.plist */ = {isa = PBXFileReference; lastKnownFileType = text.plist.xml; path = Info.plist; sourceTree = "<group>"; };
		838888461F46CC1E00E5047F /* DetailRowCell.swift */ = {isa = PBXFileReference; fileEncoding = 4; lastKnownFileType = sourcecode.swift; path = DetailRowCell.swift; sourceTree = "<group>"; };
		838888481F46CC3000E5047F /* DetailRowCell.xib */ = {isa = PBXFileReference; fileEncoding = 4; lastKnownFileType = file.xib; path = DetailRowCell.xib; sourceTree = "<group>"; };
		92AB80065FDD62CBB5337E1F /* Pods-StockUITests.release.xcconfig */ = {isa = PBXFileReference; includeInIndex = 1; lastKnownFileType = text.xcconfig; name = "Pods-StockUITests.release.xcconfig"; path = "Pods/Target Support Files/Pods-StockUITests/Pods-StockUITests.release.xcconfig"; sourceTree = "<group>"; };
		BBD74D8368589F81E33D9D95 /* Pods-StockUITests.debug.xcconfig */ = {isa = PBXFileReference; includeInIndex = 1; lastKnownFileType = text.xcconfig; name = "Pods-StockUITests.debug.xcconfig"; path = "Pods/Target Support Files/Pods-StockUITests/Pods-StockUITests.debug.xcconfig"; sourceTree = "<group>"; };
		D87505533B18B5E5AAE05925 /* Pods-Stock.release.xcconfig */ = {isa = PBXFileReference; includeInIndex = 1; lastKnownFileType = text.xcconfig; name = "Pods-Stock.release.xcconfig"; path = "Pods/Target Support Files/Pods-Stock/Pods-Stock.release.xcconfig"; sourceTree = "<group>"; };
		E1FFE23B16479E57C14A656B /* Pods_Stock.framework */ = {isa = PBXFileReference; explicitFileType = wrapper.framework; includeInIndex = 0; path = Pods_Stock.framework; sourceTree = BUILT_PRODUCTS_DIR; };
		F0E58F13E24025C90659C536 /* Pods_StockUITests.framework */ = {isa = PBXFileReference; explicitFileType = wrapper.framework; includeInIndex = 0; path = Pods_StockUITests.framework; sourceTree = BUILT_PRODUCTS_DIR; };
/* End PBXFileReference section */

/* Begin PBXFrameworksBuildPhase section */
		832ACAC91F457537002A1137 /* Frameworks */ = {
			isa = PBXFrameworksBuildPhase;
			buildActionMask = 2147483647;
			files = (
				ED390F29AC798573849D0C1D /* Pods_Stock.framework in Frameworks */,
			);
			runOnlyForDeploymentPostprocessing = 0;
		};
		832ACADD1F457537002A1137 /* Frameworks */ = {
			isa = PBXFrameworksBuildPhase;
			buildActionMask = 2147483647;
			files = (
				428610E8E4116843F95075EB /* Pods_StockTests.framework in Frameworks */,
			);
			runOnlyForDeploymentPostprocessing = 0;
		};
		832ACAE81F457537002A1137 /* Frameworks */ = {
			isa = PBXFrameworksBuildPhase;
			buildActionMask = 2147483647;
			files = (
				952FD3526E6DE7EF92931126 /* Pods_StockUITests.framework in Frameworks */,
			);
			runOnlyForDeploymentPostprocessing = 0;
		};
/* End PBXFrameworksBuildPhase section */

/* Begin PBXGroup section */
		019B4D458F11EE3C5428D620 /* Frameworks */ = {
			isa = PBXGroup;
			children = (
				E1FFE23B16479E57C14A656B /* Pods_Stock.framework */,
				6852FB29411A27090642DC47 /* Pods_StockTests.framework */,
				F0E58F13E24025C90659C536 /* Pods_StockUITests.framework */,
			);
			name = Frameworks;
			sourceTree = "<group>";
		};
		6DC220F861AEDF36A7091084 /* Pods */ = {
			isa = PBXGroup;
			children = (
				48F86C04A81ED533B63529FE /* Pods-Stock.debug.xcconfig */,
				D87505533B18B5E5AAE05925 /* Pods-Stock.release.xcconfig */,
				466B69B965A9A25E4C1AD7EE /* Pods-StockTests.debug.xcconfig */,
				720EEE2FE1DD1E52FD6952F0 /* Pods-StockTests.release.xcconfig */,
				BBD74D8368589F81E33D9D95 /* Pods-StockUITests.debug.xcconfig */,
				92AB80065FDD62CBB5337E1F /* Pods-StockUITests.release.xcconfig */,
			);
			name = Pods;
			sourceTree = "<group>";
		};
		832ACAC31F457537002A1137 = {
			isa = PBXGroup;
			children = (
				832ACACE1F457537002A1137 /* Stock */,
				832ACAE31F457537002A1137 /* StockTests */,
				832ACAEE1F457537002A1137 /* StockUITests */,
				832ACACD1F457537002A1137 /* Products */,
				6DC220F861AEDF36A7091084 /* Pods */,
				019B4D458F11EE3C5428D620 /* Frameworks */,
			);
			sourceTree = "<group>";
		};
		832ACACD1F457537002A1137 /* Products */ = {
			isa = PBXGroup;
			children = (
				832ACACC1F457537002A1137 /* Stock.app */,
				832ACAE01F457537002A1137 /* StockTests.xctest */,
				832ACAEB1F457537002A1137 /* StockUITests.xctest */,
			);
			name = Products;
			sourceTree = "<group>";
		};
		832ACACE1F457537002A1137 /* Stock */ = {
			isa = PBXGroup;
			children = (
				832ACACF1F457537002A1137 /* AppDelegate.swift */,
				832ACAD11F457537002A1137 /* ViewController.swift */,
				83195F561F4593680045FF9E /* Model.swift */,
				838888461F46CC1E00E5047F /* DetailRowCell.swift */,
				838888481F46CC3000E5047F /* DetailRowCell.xib */,
				832ACAD31F457537002A1137 /* Main.storyboard */,
				832ACAD61F457537002A1137 /* Assets.xcassets */,
				832ACAD81F457537002A1137 /* LaunchScreen.storyboard */,
				832ACADB1F457537002A1137 /* Info.plist */,
			);
			path = Stock;
			sourceTree = "<group>";
		};
		832ACAE31F457537002A1137 /* StockTests */ = {
			isa = PBXGroup;
			children = (
				832ACAE41F457537002A1137 /* StockTests.swift */,
				832ACAE61F457537002A1137 /* Info.plist */,
			);
			path = StockTests;
			sourceTree = "<group>";
		};
		832ACAEE1F457537002A1137 /* StockUITests */ = {
			isa = PBXGroup;
			children = (
				832ACAEF1F457537002A1137 /* StockUITests.swift */,
				832ACAF11F457537002A1137 /* Info.plist */,
			);
			path = StockUITests;
			sourceTree = "<group>";
		};
/* End PBXGroup section */

/* Begin PBXNativeTarget section */
		832ACACB1F457537002A1137 /* Stock */ = {
			isa = PBXNativeTarget;
			buildConfigurationList = 832ACAF41F457537002A1137 /* Build configuration list for PBXNativeTarget "Stock" */;
			buildPhases = (
				D10F27240F9A565481761E26 /* [CP] Check Pods Manifest.lock */,
				832ACAC81F457537002A1137 /* Sources */,
				832ACAC91F457537002A1137 /* Frameworks */,
				832ACACA1F457537002A1137 /* Resources */,
				40421BD239C3018564D9D51F /* [CP] Embed Pods Frameworks */,
				807387103EEFC0299586A83C /* [CP] Copy Pods Resources */,
			);
			buildRules = (
			);
			dependencies = (
			);
			name = Stock;
			productName = Stock;
			productReference = 832ACACC1F457537002A1137 /* Stock.app */;
			productType = "com.apple.product-type.application";
		};
		832ACADF1F457537002A1137 /* StockTests */ = {
			isa = PBXNativeTarget;
			buildConfigurationList = 832ACAF71F457537002A1137 /* Build configuration list for PBXNativeTarget "StockTests" */;
			buildPhases = (
				53EA56CB58856B42B5D2144E /* [CP] Check Pods Manifest.lock */,
				832ACADC1F457537002A1137 /* Sources */,
				832ACADD1F457537002A1137 /* Frameworks */,
				832ACADE1F457537002A1137 /* Resources */,
				78B6C5489C49849CDEBF15B6 /* [CP] Embed Pods Frameworks */,
				4BA4DE0F22A3DE8B374E3822 /* [CP] Copy Pods Resources */,
			);
			buildRules = (
			);
			dependencies = (
				832ACAE21F457537002A1137 /* PBXTargetDependency */,
			);
			name = StockTests;
			productName = StockTests;
			productReference = 832ACAE01F457537002A1137 /* StockTests.xctest */;
			productType = "com.apple.product-type.bundle.unit-test";
		};
		832ACAEA1F457537002A1137 /* StockUITests */ = {
			isa = PBXNativeTarget;
			buildConfigurationList = 832ACAFA1F457537002A1137 /* Build configuration list for PBXNativeTarget "StockUITests" */;
			buildPhases = (
				03589B4C2A65394CA58620A7 /* [CP] Check Pods Manifest.lock */,
				832ACAE71F457537002A1137 /* Sources */,
				832ACAE81F457537002A1137 /* Frameworks */,
				832ACAE91F457537002A1137 /* Resources */,
				7D192617097485D89130C4DB /* [CP] Embed Pods Frameworks */,
				130AD4A844C1B34FC41540A7 /* [CP] Copy Pods Resources */,
			);
			buildRules = (
			);
			dependencies = (
				832ACAED1F457537002A1137 /* PBXTargetDependency */,
			);
			name = StockUITests;
			productName = StockUITests;
			productReference = 832ACAEB1F457537002A1137 /* StockUITests.xctest */;
			productType = "com.apple.product-type.bundle.ui-testing";
		};
/* End PBXNativeTarget section */

/* Begin PBXProject section */
		832ACAC41F457537002A1137 /* Project object */ = {
			isa = PBXProject;
			attributes = {
				LastSwiftUpdateCheck = 0830;
				LastUpgradeCheck = 0830;
				ORGANIZATIONNAME = "attaphon eamsahard";
				TargetAttributes = {
					832ACACB1F457537002A1137 = {
						CreatedOnToolsVersion = 8.3.3;
						DevelopmentTeam = 7SB432SU6F;
						ProvisioningStyle = Automatic;
					};
					832ACADF1F457537002A1137 = {
						CreatedOnToolsVersion = 8.3.3;
						DevelopmentTeam = 7SB432SU6F;
						ProvisioningStyle = Automatic;
						TestTargetID = 832ACACB1F457537002A1137;
					};
					832ACAEA1F457537002A1137 = {
						CreatedOnToolsVersion = 8.3.3;
						DevelopmentTeam = 7SB432SU6F;
						ProvisioningStyle = Automatic;
						TestTargetID = 832ACACB1F457537002A1137;
					};
				};
			};
			buildConfigurationList = 832ACAC71F457537002A1137 /* Build configuration list for PBXProject "Stock" */;
			compatibilityVersion = "Xcode 3.2";
			developmentRegion = English;
			hasScannedForEncodings = 0;
			knownRegions = (
				en,
				Base,
			);
			mainGroup = 832ACAC31F457537002A1137;
			productRefGroup = 832ACACD1F457537002A1137 /* Products */;
			projectDirPath = "";
			projectRoot = "";
			targets = (
				832ACACB1F457537002A1137 /* Stock */,
				832ACADF1F457537002A1137 /* StockTests */,
				832ACAEA1F457537002A1137 /* StockUITests */,
			);
		};
/* End PBXProject section */

/* Begin PBXResourcesBuildPhase section */
		832ACACA1F457537002A1137 /* Resources */ = {
			isa = PBXResourcesBuildPhase;
			buildActionMask = 2147483647;
			files = (
				832ACADA1F457537002A1137 /* LaunchScreen.storyboard in Resources */,
				838888491F46CC3000E5047F /* DetailRowCell.xib in Resources */,
				832ACAD71F457537002A1137 /* Assets.xcassets in Resources */,
				832ACAD51F457537002A1137 /* Main.storyboard in Resources */,
			);
			runOnlyForDeploymentPostprocessing = 0;
		};
		832ACADE1F457537002A1137 /* Resources */ = {
			isa = PBXResourcesBuildPhase;
			buildActionMask = 2147483647;
			files = (
			);
			runOnlyForDeploymentPostprocessing = 0;
		};
		832ACAE91F457537002A1137 /* Resources */ = {
			isa = PBXResourcesBuildPhase;
			buildActionMask = 2147483647;
			files = (
			);
			runOnlyForDeploymentPostprocessing = 0;
		};
/* End PBXResourcesBuildPhase section */

/* Begin PBXShellScriptBuildPhase section */
		03589B4C2A65394CA58620A7 /* [CP] Check Pods Manifest.lock */ = {
			isa = PBXShellScriptBuildPhase;
			buildActionMask = 2147483647;
			files = (
			);
			inputPaths = (
			);
			name = "[CP] Check Pods Manifest.lock";
			outputPaths = (
			);
			runOnlyForDeploymentPostprocessing = 0;
			shellPath = /bin/sh;
			shellScript = "diff \"${PODS_ROOT}/../Podfile.lock\" \"${PODS_ROOT}/Manifest.lock\" > /dev/null\nif [ $? != 0 ] ; then\n    # print error to STDERR\n    echo \"error: The sandbox is not in sync with the Podfile.lock. Run 'pod install' or update your CocoaPods installation.\" >&2\n    exit 1\nfi\n";
			showEnvVarsInLog = 0;
		};
		130AD4A844C1B34FC41540A7 /* [CP] Copy Pods Resources */ = {
			isa = PBXShellScriptBuildPhase;
			buildActionMask = 2147483647;
			files = (
			);
			inputPaths = (
			);
			name = "[CP] Copy Pods Resources";
			outputPaths = (
			);
			runOnlyForDeploymentPostprocessing = 0;
			shellPath = /bin/sh;
			shellScript = "\"${SRCROOT}/Pods/Target Support Files/Pods-StockUITests/Pods-StockUITests-resources.sh\"\n";
			showEnvVarsInLog = 0;
		};
		40421BD239C3018564D9D51F /* [CP] Embed Pods Frameworks */ = {
			isa = PBXShellScriptBuildPhase;
			buildActionMask = 2147483647;
			files = (
			);
			inputPaths = (
			);
			name = "[CP] Embed Pods Frameworks";
			outputPaths = (
			);
			runOnlyForDeploymentPostprocessing = 0;
			shellPath = /bin/sh;
			shellScript = "\"${SRCROOT}/Pods/Target Support Files/Pods-Stock/Pods-Stock-frameworks.sh\"\n";
			showEnvVarsInLog = 0;
		};
		4BA4DE0F22A3DE8B374E3822 /* [CP] Copy Pods Resources */ = {
			isa = PBXShellScriptBuildPhase;
			buildActionMask = 2147483647;
			files = (
			);
			inputPaths = (
			);
			name = "[CP] Copy Pods Resources";
			outputPaths = (
			);
			runOnlyForDeploymentPostprocessing = 0;
			shellPath = /bin/sh;
			shellScript = "\"${SRCROOT}/Pods/Target Support Files/Pods-StockTests/Pods-StockTests-resources.sh\"\n";
			showEnvVarsInLog = 0;
		};
		53EA56CB58856B42B5D2144E /* [CP] Check Pods Manifest.lock */ = {
			isa = PBXShellScriptBuildPhase;
			buildActionMask = 2147483647;
			files = (
			);
			inputPaths = (
			);
			name = "[CP] Check Pods Manifest.lock";
			outputPaths = (
			);
			runOnlyForDeploymentPostprocessing = 0;
			shellPath = /bin/sh;
			shellScript = "diff \"${PODS_ROOT}/../Podfile.lock\" \"${PODS_ROOT}/Manifest.lock\" > /dev/null\nif [ $? != 0 ] ; then\n    # print error to STDERR\n    echo \"error: The sandbox is not in sync with the Podfile.lock. Run 'pod install' or update your CocoaPods installation.\" >&2\n    exit 1\nfi\n";
			showEnvVarsInLog = 0;
		};
		78B6C5489C49849CDEBF15B6 /* [CP] Embed Pods Frameworks */ = {
			isa = PBXShellScriptBuildPhase;
			buildActionMask = 2147483647;
			files = (
			);
			inputPaths = (
			);
			name = "[CP] Embed Pods Frameworks";
			outputPaths = (
			);
			runOnlyForDeploymentPostprocessing = 0;
			shellPath = /bin/sh;
			shellScript = "\"${SRCROOT}/Pods/Target Support Files/Pods-StockTests/Pods-StockTests-frameworks.sh\"\n";
			showEnvVarsInLog = 0;
		};
		7D192617097485D89130C4DB /* [CP] Embed Pods Frameworks */ = {
			isa = PBXShellScriptBuildPhase;
			buildActionMask = 2147483647;
			files = (
			);
			inputPaths = (
			);
			name = "[CP] Embed Pods Frameworks";
			outputPaths = (
			);
			runOnlyForDeploymentPostprocessing = 0;
			shellPath = /bin/sh;
			shellScript = "\"${SRCROOT}/Pods/Target Support Files/Pods-StockUITests/Pods-StockUITests-frameworks.sh\"\n";
			showEnvVarsInLog = 0;
		};
		807387103EEFC0299586A83C /* [CP] Copy Pods Resources */ = {
			isa = PBXShellScriptBuildPhase;
			buildActionMask = 2147483647;
			files = (
			);
			inputPaths = (
			);
			name = "[CP] Copy Pods Resources";
			outputPaths = (
			);
			runOnlyForDeploymentPostprocessing = 0;
			shellPath = /bin/sh;
			shellScript = "\"${SRCROOT}/Pods/Target Support Files/Pods-Stock/Pods-Stock-resources.sh\"\n";
			showEnvVarsInLog = 0;
		};
		D10F27240F9A565481761E26 /* [CP] Check Pods Manifest.lock */ = {
			isa = PBXShellScriptBuildPhase;
			buildActionMask = 2147483647;
			files = (
			);
			inputPaths = (
			);
			name = "[CP] Check Pods Manifest.lock";
			outputPaths = (
			);
			runOnlyForDeploymentPostprocessing = 0;
			shellPath = /bin/sh;
			shellScript = "diff \"${PODS_ROOT}/../Podfile.lock\" \"${PODS_ROOT}/Manifest.lock\" > /dev/null\nif [ $? != 0 ] ; then\n    # print error to STDERR\n    echo \"error: The sandbox is not in sync with the Podfile.lock. Run 'pod install' or update your CocoaPods installation.\" >&2\n    exit 1\nfi\n";
			showEnvVarsInLog = 0;
		};
/* End PBXShellScriptBuildPhase section */

/* Begin PBXSourcesBuildPhase section */
		832ACAC81F457537002A1137 /* Sources */ = {
			isa = PBXSourcesBuildPhase;
			buildActionMask = 2147483647;
			files = (
				83195F571F4593680045FF9E /* Model.swift in Sources */,
				838888471F46CC1E00E5047F /* DetailRowCell.swift in Sources */,
				832ACAD21F457537002A1137 /* ViewController.swift in Sources */,
				832ACAD01F457537002A1137 /* AppDelegate.swift in Sources */,
			);
			runOnlyForDeploymentPostprocessing = 0;
		};
		832ACADC1F457537002A1137 /* Sources */ = {
			isa = PBXSourcesBuildPhase;
			buildActionMask = 2147483647;
			files = (
				832ACAE51F457537002A1137 /* StockTests.swift in Sources */,
			);
			runOnlyForDeploymentPostprocessing = 0;
		};
		832ACAE71F457537002A1137 /* Sources */ = {
			isa = PBXSourcesBuildPhase;
			buildActionMask = 2147483647;
			files = (
				832ACAF01F457537002A1137 /* StockUITests.swift in Sources */,
			);
			runOnlyForDeploymentPostprocessing = 0;
		};
/* End PBXSourcesBuildPhase section */

/* Begin PBXTargetDependency section */
		832ACAE21F457537002A1137 /* PBXTargetDependency */ = {
			isa = PBXTargetDependency;
			target = 832ACACB1F457537002A1137 /* Stock */;
			targetProxy = 832ACAE11F457537002A1137 /* PBXContainerItemProxy */;
		};
		832ACAED1F457537002A1137 /* PBXTargetDependency */ = {
			isa = PBXTargetDependency;
			target = 832ACACB1F457537002A1137 /* Stock */;
			targetProxy = 832ACAEC1F457537002A1137 /* PBXContainerItemProxy */;
		};
/* End PBXTargetDependency section */

/* Begin PBXVariantGroup section */
		832ACAD31F457537002A1137 /* Main.storyboard */ = {
			isa = PBXVariantGroup;
			children = (
				832ACAD41F457537002A1137 /* Base */,
			);
			name = Main.storyboard;
			sourceTree = "<group>";
		};
		832ACAD81F457537002A1137 /* LaunchScreen.storyboard */ = {
			isa = PBXVariantGroup;
			children = (
				832ACAD91F457537002A1137 /* Base */,
			);
			name = LaunchScreen.storyboard;
			sourceTree = "<group>";
		};
/* End PBXVariantGroup section */

/* Begin XCBuildConfiguration section */
		832ACAF21F457537002A1137 /* Debug */ = {
			isa = XCBuildConfiguration;
			buildSettings = {
				ALWAYS_SEARCH_USER_PATHS = NO;
				CLANG_ANALYZER_NONNULL = YES;
				CLANG_ANALYZER_NUMBER_OBJECT_CONVERSION = YES_AGGRESSIVE;
				CLANG_CXX_LANGUAGE_STANDARD = "gnu++0x";
				CLANG_CXX_LIBRARY = "libc++";
				CLANG_ENABLE_MODULES = YES;
				CLANG_ENABLE_OBJC_ARC = YES;
				CLANG_WARN_BOOL_CONVERSION = YES;
				CLANG_WARN_CONSTANT_CONVERSION = YES;
				CLANG_WARN_DIRECT_OBJC_ISA_USAGE = YES_ERROR;
				CLANG_WARN_DOCUMENTATION_COMMENTS = YES;
				CLANG_WARN_EMPTY_BODY = YES;
				CLANG_WARN_ENUM_CONVERSION = YES;
				CLANG_WARN_INFINITE_RECURSION = YES;
				CLANG_WARN_INT_CONVERSION = YES;
				CLANG_WARN_OBJC_ROOT_CLASS = YES_ERROR;
				CLANG_WARN_SUSPICIOUS_MOVE = YES;
				CLANG_WARN_UNREACHABLE_CODE = YES;
				CLANG_WARN__DUPLICATE_METHOD_MATCH = YES;
				"CODE_SIGN_IDENTITY[sdk=iphoneos*]" = "iPhone Developer";
				COPY_PHASE_STRIP = NO;
				DEBUG_INFORMATION_FORMAT = dwarf;
				ENABLE_STRICT_OBJC_MSGSEND = YES;
				ENABLE_TESTABILITY = YES;
				GCC_C_LANGUAGE_STANDARD = gnu99;
				GCC_DYNAMIC_NO_PIC = NO;
				GCC_NO_COMMON_BLOCKS = YES;
				GCC_OPTIMIZATION_LEVEL = 0;
				GCC_PREPROCESSOR_DEFINITIONS = (
					"DEBUG=1",
					"$(inherited)",
				);
				GCC_WARN_64_TO_32_BIT_CONVERSION = YES;
				GCC_WARN_ABOUT_RETURN_TYPE = YES_ERROR;
				GCC_WARN_UNDECLARED_SELECTOR = YES;
				GCC_WARN_UNINITIALIZED_AUTOS = YES_AGGRESSIVE;
				GCC_WARN_UNUSED_FUNCTION = YES;
				GCC_WARN_UNUSED_VARIABLE = YES;
				IPHONEOS_DEPLOYMENT_TARGET = 10.3;
				MTL_ENABLE_DEBUG_INFO = YES;
				ONLY_ACTIVE_ARCH = YES;
				SDKROOT = iphoneos;
				SWIFT_ACTIVE_COMPILATION_CONDITIONS = DEBUG;
				SWIFT_OPTIMIZATION_LEVEL = "-Onone";
			};
			name = Debug;
		};
		832ACAF31F457537002A1137 /* Release */ = {
			isa = XCBuildConfiguration;
			buildSettings = {
				ALWAYS_SEARCH_USER_PATHS = NO;
				CLANG_ANALYZER_NONNULL = YES;
				CLANG_ANALYZER_NUMBER_OBJECT_CONVERSION = YES_AGGRESSIVE;
				CLANG_CXX_LANGUAGE_STANDARD = "gnu++0x";
				CLANG_CXX_LIBRARY = "libc++";
				CLANG_ENABLE_MODULES = YES;
				CLANG_ENABLE_OBJC_ARC = YES;
				CLANG_WARN_BOOL_CONVERSION = YES;
				CLANG_WARN_CONSTANT_CONVERSION = YES;
				CLANG_WARN_DIRECT_OBJC_ISA_USAGE = YES_ERROR;
				CLANG_WARN_DOCUMENTATION_COMMENTS = YES;
				CLANG_WARN_EMPTY_BODY = YES;
				CLANG_WARN_ENUM_CONVERSION = YES;
				CLANG_WARN_INFINITE_RECURSION = YES;
				CLANG_WARN_INT_CONVERSION = YES;
				CLANG_WARN_OBJC_ROOT_CLASS = YES_ERROR;
				CLANG_WARN_SUSPICIOUS_MOVE = YES;
				CLANG_WARN_UNREACHABLE_CODE = YES;
				CLANG_WARN__DUPLICATE_METHOD_MATCH = YES;
				"CODE_SIGN_IDENTITY[sdk=iphoneos*]" = "iPhone Developer";
				COPY_PHASE_STRIP = NO;
				DEBUG_INFORMATION_FORMAT = "dwarf-with-dsym";
				ENABLE_NS_ASSERTIONS = NO;
				ENABLE_STRICT_OBJC_MSGSEND = YES;
				GCC_C_LANGUAGE_STANDARD = gnu99;
				GCC_NO_COMMON_BLOCKS = YES;
				GCC_WARN_64_TO_32_BIT_CONVERSION = YES;
				GCC_WARN_ABOUT_RETURN_TYPE = YES_ERROR;
				GCC_WARN_UNDECLARED_SELECTOR = YES;
				GCC_WARN_UNINITIALIZED_AUTOS = YES_AGGRESSIVE;
				GCC_WARN_UNUSED_FUNCTION = YES;
				GCC_WARN_UNUSED_VARIABLE = YES;
				IPHONEOS_DEPLOYMENT_TARGET = 10.3;
				MTL_ENABLE_DEBUG_INFO = NO;
				SDKROOT = iphoneos;
				SWIFT_OPTIMIZATION_LEVEL = "-Owholemodule";
				VALIDATE_PRODUCT = YES;
			};
			name = Release;
		};
		832ACAF51F457537002A1137 /* Debug */ = {
			isa = XCBuildConfiguration;
			baseConfigurationReference = 48F86C04A81ED533B63529FE /* Pods-Stock.debug.xcconfig */;
			buildSettings = {
				ASSETCATALOG_COMPILER_APPICON_NAME = AppIcon;
				DEVELOPMENT_TEAM = 7SB432SU6F;
				INFOPLIST_FILE = Stock/Info.plist;
				LD_RUNPATH_SEARCH_PATHS = "$(inherited) @executable_path/Frameworks";
				PRODUCT_BUNDLE_IDENTIFIER = com.thinksmart.Stock;
				PRODUCT_NAME = "$(TARGET_NAME)";
				SWIFT_VERSION = 3.0;
			};
			name = Debug;
		};
		832ACAF61F457537002A1137 /* Release */ = {
			isa = XCBuildConfiguration;
			baseConfigurationReference = D87505533B18B5E5AAE05925 /* Pods-Stock.release.xcconfig */;
			buildSettings = {
				ASSETCATALOG_COMPILER_APPICON_NAME = AppIcon;
				DEVELOPMENT_TEAM = 7SB432SU6F;
				INFOPLIST_FILE = Stock/Info.plist;
				LD_RUNPATH_SEARCH_PATHS = "$(inherited) @executable_path/Frameworks";
				PRODUCT_BUNDLE_IDENTIFIER = com.thinksmart.Stock;
				PRODUCT_NAME = "$(TARGET_NAME)";
				SWIFT_VERSION = 3.0;
			};
			name = Release;
		};
		832ACAF81F457537002A1137 /* Debug */ = {
			isa = XCBuildConfiguration;
			baseConfigurationReference = 466B69B965A9A25E4C1AD7EE /* Pods-StockTests.debug.xcconfig */;
			buildSettings = {
				ALWAYS_EMBED_SWIFT_STANDARD_LIBRARIES = YES;
				BUNDLE_LOADER = "$(TEST_HOST)";
				DEVELOPMENT_TEAM = 7SB432SU6F;
				INFOPLIST_FILE = StockTests/Info.plist;
				LD_RUNPATH_SEARCH_PATHS = "$(inherited) @executable_path/Frameworks @loader_path/Frameworks";
				PRODUCT_BUNDLE_IDENTIFIER = com.thinksmart.StockTests;
				PRODUCT_NAME = "$(TARGET_NAME)";
				SWIFT_VERSION = 3.0;
				TEST_HOST = "$(BUILT_PRODUCTS_DIR)/Stock.app/Stock";
			};
			name = Debug;
		};
		832ACAF91F457537002A1137 /* Release */ = {
			isa = XCBuildConfiguration;
			baseConfigurationReference = 720EEE2FE1DD1E52FD6952F0 /* Pods-StockTests.release.xcconfig */;
			buildSettings = {
				ALWAYS_EMBED_SWIFT_STANDARD_LIBRARIES = YES;
				BUNDLE_LOADER = "$(TEST_HOST)";
				DEVELOPMENT_TEAM = 7SB432SU6F;
				INFOPLIST_FILE = StockTests/Info.plist;
				LD_RUNPATH_SEARCH_PATHS = "$(inherited) @executable_path/Frameworks @loader_path/Frameworks";
				PRODUCT_BUNDLE_IDENTIFIER = com.thinksmart.StockTests;
				PRODUCT_NAME = "$(TARGET_NAME)";
				SWIFT_VERSION = 3.0;
				TEST_HOST = "$(BUILT_PRODUCTS_DIR)/Stock.app/Stock";
			};
			name = Release;
		};
		832ACAFB1F457537002A1137 /* Debug */ = {
			isa = XCBuildConfiguration;
			baseConfigurationReference = BBD74D8368589F81E33D9D95 /* Pods-StockUITests.debug.xcconfig */;
			buildSettings = {
				ALWAYS_EMBED_SWIFT_STANDARD_LIBRARIES = YES;
				DEVELOPMENT_TEAM = 7SB432SU6F;
				INFOPLIST_FILE = StockUITests/Info.plist;
				LD_RUNPATH_SEARCH_PATHS = "$(inherited) @executable_path/Frameworks @loader_path/Frameworks";
				PRODUCT_BUNDLE_IDENTIFIER = com.thinksmart.StockUITests;
				PRODUCT_NAME = "$(TARGET_NAME)";
				SWIFT_VERSION = 3.0;
				TEST_TARGET_NAME = Stock;
			};
			name = Debug;
		};
		832ACAFC1F457537002A1137 /* Release */ = {
			isa = XCBuildConfiguration;
			baseConfigurationReference = 92AB80065FDD62CBB5337E1F /* Pods-StockUITests.release.xcconfig */;
			buildSettings = {
				ALWAYS_EMBED_SWIFT_STANDARD_LIBRARIES = YES;
				DEVELOPMENT_TEAM = 7SB432SU6F;
				INFOPLIST_FILE = StockUITests/Info.plist;
				LD_RUNPATH_SEARCH_PATHS = "$(inherited) @executable_path/Frameworks @loader_path/Frameworks";
				PRODUCT_BUNDLE_IDENTIFIER = com.thinksmart.StockUITests;
				PRODUCT_NAME = "$(TARGET_NAME)";
				SWIFT_VERSION = 3.0;
				TEST_TARGET_NAME = Stock;
			};
			name = Release;
		};
/* End XCBuildConfiguration section */

/* Begin XCConfigurationList section */
		832ACAC71F457537002A1137 /* Build configuration list for PBXProject "Stock" */ = {
			isa = XCConfigurationList;
			buildConfigurations = (
				832ACAF21F457537002A1137 /* Debug */,
				832ACAF31F457537002A1137 /* Release */,
			);
			defaultConfigurationIsVisible = 0;
			defaultConfigurationName = Release;
		};
		832ACAF41F457537002A1137 /* Build configuration list for PBXNativeTarget "Stock" */ = {
			isa = XCConfigurationList;
			buildConfigurations = (
				832ACAF51F457537002A1137 /* Debug */,
				832ACAF61F457537002A1137 /* Release */,
			);
			defaultConfigurationIsVisible = 0;
			defaultConfigurationName = Release;
		};
		832ACAF71F457537002A1137 /* Build configuration list for PBXNativeTarget "StockTests" */ = {
			isa = XCConfigurationList;
			buildConfigurations = (
				832ACAF81F457537002A1137 /* Debug */,
				832ACAF91F457537002A1137 /* Release */,
			);
			defaultConfigurationIsVisible = 0;
			defaultConfigurationName = Release;
		};
		832ACAFA1F457537002A1137 /* Build configuration list for PBXNativeTarget "StockUITests" */ = {
			isa = XCConfigurationList;
			buildConfigurations = (
				832ACAFB1F457537002A1137 /* Debug */,
				832ACAFC1F457537002A1137 /* Release */,
			);
			defaultConfigurationIsVisible = 0;
			defaultConfigurationName = Release;
		};
/* End XCConfigurationList section */
	};
	rootObject = 832ACAC41F457537002A1137 /* Project object */;
}
